<?xml version="1.0" encoding="utf-8"?>
<Project ToolsVersion="4.0" xmlns="http://schemas.microsoft.com/developer/msbuild/2003">
  <ItemGroup>
    <Filter Include="Source Files">
      <UniqueIdentifier>{f9f49b1f-9601-4dd6-aa51-c972c59df83b}</UniqueIdentifier>
    </Filter>
    <Filter Include="Generated Files">
      <UniqueIdentifier>{94f4d55c-3539-46e9-a944-cb71219dc567}</UniqueIdentifier>
      <SourceControlFiles>False</SourceControlFiles>
    </Filter>
  </ItemGroup>
  <ItemGroup>
    <None Include="RadWshps.def" />
  </ItemGroup>
  <ItemGroup>
    <ClCompile Include="RadWsh_i.c">
      <Filter>Generated Files</Filter>
    </ClCompile>
    <ClCompile Include="RadWsh_p.c">
      <Filter>Generated Files</Filter>
    </ClCompile>
    <ClCompile Include="dlldata.c">
      <Filter>Generated Files</Filter>
    </ClCompile>
  </ItemGroup>
</Project>